{
  "name": "gamedevbot",
  "version": "0.0.1",
  "lockfileVersion": 1,
  "requires": true,
  "dependencies": {
    "fs-nextra": {
      "version": "0.4.5",
      "resolved": "https://registry.npmjs.org/fs-nextra/-/fs-nextra-0.4.5.tgz",
      "integrity": "sha512-oY2o6j0izYzJWp2sow21SekkR3qeMZqHV5ZfNFvfKimFU7piw1/AWwiwbcWjuSfwrfCmHyHymWZOyNbKOzew5g=="
    },
    "klasa": {
      "version": "github:dirigeants/klasa#d58a9434928740a5fda1b0419cfc6b9d9e93a1a9",
      "from": "github:dirigeants/klasa",
      "requires": {
        "fs-nextra": "^0.4.3"
      }
    }
  }
}
